// !$*UTF8*$!
{
	archiveVersion = 1;
	classes = {
	};
	objectVersion = 55;
	objects = {

/* Begin PBXBuildFile section */
		3F37FD6C28368A3A0088FB3D /* AppDelegate.m in Sources */ = {isa = PBXBuildFile; fileRef = 3F37FD6B28368A3A0088FB3D /* AppDelegate.m */; };
		3F37FD6F28368A3A0088FB3D /* SceneDelegate.m in Sources */ = {isa = PBXBuildFile; fileRef = 3F37FD6E28368A3A0088FB3D /* SceneDelegate.m */; };
		3F37FD7228368A3A0088FB3D /* ViewController.m in Sources */ = {isa = PBXBuildFile; fileRef = 3F37FD7128368A3A0088FB3D /* ViewController.m */; };
		3F37FD7528368A3A0088FB3D /* Main.storyboard in Resources */ = {isa = PBXBuildFile; fileRef = 3F37FD7328368A3A0088FB3D /* Main.storyboard */; };
		3F37FD7728368A3B0088FB3D /* Assets.xcassets in Resources */ = {isa = PBXBuildFile; fileRef = 3F37FD7628368A3B0088FB3D /* Assets.xcassets */; };
		3F37FD7A28368A3B0088FB3D /* LaunchScreen.storyboard in Resources */ = {isa = PBXBuildFile; fileRef = 3F37FD7828368A3B0088FB3D /* LaunchScreen.storyboard */; };
		3F37FD7D28368A3B0088FB3D /* main.m in Sources */ = {isa = PBXBuildFile; fileRef = 3F37FD7C28368A3B0088FB3D /* main.m */; };
/* End PBXBuildFile section */

/* Begin PBXFileReference section */
		3F37FD6728368A3A0088FB3D /* iOS-transition.app */ = {isa = PBXFileReference; explicitFileType = wrapper.application; includeInIndex = 0; path = "iOS-transition.app"; sourceTree = BUILT_PRODUCTS_DIR; };
		3F37FD6A28368A3A0088FB3D /* AppDelegate.h */ = {isa = PBXFileReference; lastKnownFileType = sourcecode.c.h; path = AppDelegate.h; sourceTree = "<group>"; };
		3F37FD6B28368A3A0088FB3D /* AppDelegate.m */ = {isa = PBXFileReference; lastKnownFileType = sourcecode.c.objc; path = AppDelegate.m; sourceTree = "<group>"; };
		3F37FD6D28368A3A0088FB3D /* SceneDelegate.h */ = {isa = PBXFileReference; lastKnownFileType = sourcecode.c.h; path = SceneDelegate.h; sourceTree = "<group>"; };
		3F37FD6E28368A3A0088FB3D /* SceneDelegate.m */ = {isa = PBXFileReference; lastKnownFileType = sourcecode.c.objc; path = SceneDelegate.m; sourceTree = "<group>"; };
		3F37FD7028368A3A0088FB3D /* ViewController.h */ = {isa = PBXFileReference; lastKnownFileType = sourcecode.c.h; path = ViewController.h; sourceTree = "<group>"; };
		3F37FD7128368A3A0088FB3D /* ViewController.m */ = {isa = PBXFileReference; lastKnownFileType = sourcecode.c.objc; path = ViewController.m; sourceTree = "<group>"; };
		3F37FD7428368A3A0088FB3D /* Base */ = {isa = PBXFileReference; lastKnownFileType = file.storyboard; name = Base; path = Base.lproj/Main.storyboard; sourceTree = "<group>"; };
		3F37FD7628368A3B0088FB3D /* Assets.xcassets */ = {isa = PBXFileReference; lastKnownFileType = folder.assetcatalog; path = Assets.xcassets; sourceTree = "<group>"; };
		3F37FD7928368A3B0088FB3D /* Base */ = {isa = PBXFileReference; lastKnownFileType = file.storyboard; name = Base; path = Base.lproj/LaunchScreen.storyboard; sourceTree = "<group>"; };
		3F37FD7B28368A3B0088FB3D /* Info.plist */ = {isa = PBXFileReference; lastKnownFileType = text.plist.xml; path = Info.plist; sourceTree = "<group>"; };
		3F37FD7C28368A3B0088FB3D /* main.m */ = {isa = PBXFileReference; lastKnownFileType = sourcecode.c.objc; path = main.m; sourceTree = "<group>"; };
/* End PBXFileReference section */

/* Begin PBXFrameworksBuildPhase section */
		3F37FD6428368A3A0088FB3D /* Frameworks */ = {
			isa = PBXFrameworksBuildPhase;
			buildActionMask = 2147483647;
			files = (
			);
			runOnlyForDeploymentPostprocessing = 0;
		};
/* End PBXFrameworksBuildPhase section */

/* Begin PBXGroup section */
		3F37FD5E28368A3A0088FB3D = {
			isa = PBXGroup;
			children = (
				3F37FD6928368A3A0088FB3D /* iOS-transition */,
				3F37FD6828368A3A0088FB3D /* Products */,
			);
			sourceTree = "<group>";
		};
		3F37FD6828368A3A0088FB3D /* Products */ = {
			isa = PBXGroup;
			children = (
				3F37FD6728368A3A0088FB3D /* iOS-transition.app */,
			);
			name = Products;
			sourceTree = "<group>";
		};
		3F37FD6928368A3A0088FB3D /* iOS-transition */ = {
			isa = PBXGroup;
			children = (
				3F37FD6A28368A3A0088FB3D /* AppDelegate.h */,
				3F37FD6B28368A3A0088FB3D /* AppDelegate.m */,
				3F37FD6D28368A3A0088FB3D /* SceneDelegate.h */,
				3F37FD6E28368A3A0088FB3D /* SceneDelegate.m */,
				3F37FD7028368A3A0088FB3D /* ViewController.h */,
				3F37FD7128368A3A0088FB3D /* ViewController.m */,
				3F37FD7328368A3A0088FB3D /* Main.storyboard */,
				3F37FD7628368A3B0088FB3D /* Assets.xcassets */,
				3F37FD7828368A3B0088FB3D /* LaunchScreen.storyboard */,
				3F37FD7B28368A3B0088FB3D /* Info.plist */,
				3F37FD7C28368A3B0088FB3D /* main.m */,
			);
			path = "iOS-transition";
			sourceTree = "<group>";
		};
/* End PBXGroup section */

/* Begin PBXNativeTarget section */
		3F37FD6628368A3A0088FB3D /* iOS-transition */ = {
			isa = PBXNativeTarget;
			buildConfigurationList = 3F37FD8028368A3B0088FB3D /* Build configuration list for PBXNativeTarget "iOS-transition" */;
			buildPhases = (
				3F37FD6328368A3A0088FB3D /* Sources */,
				3F37FD6428368A3A0088FB3D /* Frameworks */,
				3F37FD6528368A3A0088FB3D /* Resources */,
			);
			buildRules = (
			);
			dependencies = (
			);
			name = "iOS-transition";
			productName = "iOS-transition";
			productReference = 3F37FD6728368A3A0088FB3D /* iOS-transition.app */;
			productType = "com.apple.product-type.application";
		};
/* End PBXNativeTarget section */

/* Begin PBXProject section */
		3F37FD5F28368A3A0088FB3D /* Project object */ = {
			isa = PBXProject;
			attributes = {
				BuildIndependentTargetsInParallel = 1;
				LastUpgradeCheck = 1330;
				TargetAttributes = {
					3F37FD6628368A3A0088FB3D = {
						CreatedOnToolsVersion = 13.3.1;
					};
				};
			};
			buildConfigurationList = 3F37FD6228368A3A0088FB3D /* Build configuration list for PBXProject "iOS-transition" */;
			compatibilityVersion = "Xcode 13.0";
			developmentRegion = en;
			hasScannedForEncodings = 0;
			knownRegions = (
				en,
				Base,
			);
			mainGroup = 3F37FD5E28368A3A0088FB3D;
			productRefGroup = 3F37FD6828368A3A0088FB3D /* Products */;
			projectDirPath = "";
			projectRoot = "";
			targets = (
				3F37FD6628368A3A0088FB3D /* iOS-transition */,
			);
		};
/* End PBXProject section */

/* Begin PBXResourcesBuildPhase section */
		3F37FD6528368A3A0088FB3D /* Resources */ = {
			isa = PBXResourcesBuildPhase;
			buildActionMask = 2147483647;
			files = (
				3F37FD7A28368A3B0088FB3D /* LaunchScreen.storyboard in Resources */,
				3F37FD7728368A3B0088FB3D /* Assets.xcassets in Resources */,
				3F37FD7528368A3A0088FB3D /* Main.storyboard in Resources */,
			);
			runOnlyForDeploymentPostprocessing = 0;
		};
/* End PBXResourcesBuildPhase section */

/* Begin PBXSourcesBuildPhase section */
		3F37FD6328368A3A0088FB3D /* Sources */ = {
			isa = PBXSourcesBuildPhase;
			buildActionMask = 2147483647;
			files = (
				3F37FD7228368A3A0088FB3D /* ViewController.m in Sources */,
				3F37FD6C28368A3A0088FB3D /* AppDelegate.m in Sources */,
				3F37FD7D28368A3B0088FB3D /* main.m in Sources */,
				3F37FD6F28368A3A0088FB3D /* SceneDelegate.m in Sources */,
			);
			runOnlyForDeploymentPostprocessing = 0;
		};
/* End PBXSourcesBuildPhase section */

/* Begin PBXVariantGroup section */
		3F37FD7328368A3A0088FB3D /* Main.storyboard */ = {
			isa = PBXVariantGroup;
			children = (
				3F37FD7428368A3A0088FB3D /* Base */,
			);
			name = Main.storyboard;
			sourceTree = "<group>";
		};
		3F37FD7828368A3B0088FB3D /* LaunchScreen.storyboard */ = {
			isa = PBXVariantGroup;
			children = (
				3F37FD7928368A3B0088FB3D /* Base */,
			);
			name = LaunchScreen.storyboard;
			sourceTree = "<group>";
		};
/* End PBXVariantGroup section */

/* Begin XCBuildConfiguration section */
		3F37FD7E28368A3B0088FB3D /* Debug */ = {
			isa = XCBuildConfiguration;
			buildSettings = {
				ALWAYS_SEARCH_USER_PATHS = NO;
				CLANG_ANALYZER_NONNULL = YES;
				CLANG_ANALYZER_NUMBER_OBJECT_CONVERSION = YES_AGGRESSIVE;
				CLANG_CXX_LANGUAGE_STANDARD = "gnu++17";
				CLANG_ENABLE_MODULES = YES;
				CLANG_ENABLE_OBJC_ARC = YES;
				CLANG_ENABLE_OBJC_WEAK = YES;
				CLANG_WARN_BLOCK_CAPTURE_AUTORELEASING = YES;
				CLANG_WARN_BOOL_CONVERSION = YES;
				CLANG_WARN_COMMA = YES;
				CLANG_WARN_CONSTANT_CONVERSION = YES;
				CLANG_WARN_DEPRECATED_OBJC_IMPLEMENTATIONS = YES;
				CLANG_WARN_DIRECT_OBJC_ISA_USAGE = YES_ERROR;
				CLANG_WARN_DOCUMENTATION_COMMENTS = YES;
				CLANG_WARN_EMPTY_BODY = YES;
				CLANG_WARN_ENUM_CONVERSION = YES;
				CLANG_WARN_INFINITE_RECURSION = YES;
				CLANG_WARN_INT_CONVERSION = YES;
				CLANG_WARN_NON_LITERAL_NULL_CONVERSION = YES;
				CLANG_WARN_OBJC_IMPLICIT_RETAIN_SELF = YES;
				CLANG_WARN_OBJC_LITERAL_CONVERSION = YES;
				CLANG_WARN_OBJC_ROOT_CLASS = YES_ERROR;
				CLANG_WARN_QUOTED_INCLUDE_IN_FRAMEWORK_HEADER = YES;
				CLANG_WARN_RANGE_LOOP_ANALYSIS = YES;
				CLANG_WARN_STRICT_PROTOTYPES = YES;
				CLANG_WARN_SUSPICIOUS_MOVE = YES;
				CLANG_WARN_UNGUARDED_AVAILABILITY = YES_AGGRESSIVE;
				CLANG_WARN_UNREACHABLE_CODE = YES;
				CLANG_WARN__DUPLICATE_METHOD_MATCH = YES;
				COPY_PHASE_STRIP = NO;
				DEBUG_INFORMATION_FORMAT = dwarf;
				ENABLE_STRICT_OBJC_MSGSEND = YES;
				ENABLE_TESTABILITY = YES;
				GCC_C_LANGUAGE_STANDARD = gnu11;
				GCC_DYNAMIC_NO_PIC = NO;
				GCC_NO_COMMON_BLOCKS = YES;
				GCC_OPTIMIZATION_LEVEL = 0;
				GCC_PREPROCESSOR_DEFINITIONS = (
					"DEBUG=1",
					"$(inherited)",
				);
				GCC_WARN_64_TO_32_BIT_CONVERSION = YES;
				GCC_WARN_ABOUT_RETURN_TYPE = YES_ERROR;
				GCC_WARN_UNDECLARED_SELECTOR = YES;
				GCC_WARN_UNINITIALIZED_AUTOS = YES_AGGRESSIVE;
				GCC_WARN_UNUSED_FUNCTION = YES;
				GCC_WARN_UNUSED_VARIABLE = YES;
				IPHONEOS_DEPLOYMENT_TARGET = 15.4;
				MTL_ENABLE_DEBUG_INFO = INCLUDE_SOURCE;
				MTL_FAST_MATH = YES;
				ONLY_ACTIVE_ARCH = YES;
				SDKROOT = iphoneos;
			};
			name = Debug;
		};
		3F37FD7F28368A3B0088FB3D /* Release */ = {
			isa = XCBuildConfiguration;
			buildSettings = {
				ALWAYS_SEARCH_USER_PATHS = NO;
				CLANG_ANALYZER_NONNULL = YES;
				CLANG_ANALYZER_NUMBER_OBJECT_CONVERSION = YES_AGGRESSIVE;
				CLANG_CXX_LANGUAGE_STANDARD = "gnu++17";
				CLANG_ENABLE_MODULES = YES;
				CLANG_ENABLE_OBJC_ARC = YES;
				CLANG_ENABLE_OBJC_WEAK = YES;
				CLANG_WARN_BLOCK_CAPTURE_AUTORELEASING = YES;
				CLANG_WARN_BOOL_CONVERSION = YES;
				CLANG_WARN_COMMA = YES;
				CLANG_WARN_CONSTANT_CONVERSION = YES;
				CLANG_WARN_DEPRECATED_OBJC_IMPLEMENTATIONS = YES;
				CLANG_WARN_DIRECT_OBJC_ISA_USAGE = YES_ERROR;
				CLANG_WARN_DOCUMENTATION_COMMENTS = YES;
				CLANG_WARN_EMPTY_BODY = YES;
				CLANG_WARN_ENUM_CONVERSION = YES;
				CLANG_WARN_INFINITE_RECURSION = YES;
				CLANG_WARN_INT_CONVERSION = YES;
				CLANG_WARN_NON_LITERAL_NULL_CONVERSION = YES;
				CLANG_WARN_OBJC_IMPLICIT_RETAIN_SELF = YES;
				CLANG_WARN_OBJC_LITERAL_CONVERSION = YES;
				CLANG_WARN_OBJC_ROOT_CLASS = YES_ERROR;
				CLANG_WARN_QUOTED_INCLUDE_IN_FRAMEWORK_HEADER = YES;
				CLANG_WARN_RANGE_LOOP_ANALYSIS = YES;
				CLANG_WARN_STRICT_PROTOTYPES = YES;
				CLANG_WARN_SUSPICIOUS_MOVE = YES;
				CLANG_WARN_UNGUARDED_AVAILABILITY = YES_AGGRESSIVE;
				CLANG_WARN_UNREACHABLE_CODE = YES;
				CLANG_WARN__DUPLICATE_METHOD_MATCH = YES;
				COPY_PHASE_STRIP = NO;
				DEBUG_INFORMATION_FORMAT = "dwarf-with-dsym";
				ENABLE_NS_ASSERTIONS = NO;
				ENABLE_STRICT_OBJC_MSGSEND = YES;
				GCC_C_LANGUAGE_STANDARD = gnu11;
				GCC_NO_COMMON_BLOCKS = YES;
				GCC_WARN_64_TO_32_BIT_CONVERSION = YES;
				GCC_WARN_ABOUT_RETURN_TYPE = YES_ERROR;
				GCC_WARN_UNDECLARED_SELECTOR = YES;
				GCC_WARN_UNINITIALIZED_AUTOS = YES_AGGRESSIVE;
				GCC_WARN_UNUSED_FUNCTION = YES;
				GCC_WARN_UNUSED_VARIABLE = YES;
				IPHONEOS_DEPLOYMENT_TARGET = 15.4;
				MTL_ENABLE_DEBUG_INFO = NO;
				MTL_FAST_MATH = YES;
				SDKROOT = iphoneos;
				VALIDATE_PRODUCT = YES;
			};
			name = Release;
		};
		3F37FD8128368A3B0088FB3D /* Debug */ = {
			isa = XCBuildConfiguration;
			buildSettings = {
				ASSETCATALOG_COMPILER_APPICON_NAME = AppIcon;
				ASSETCATALOG_COMPILER_GLOBAL_ACCENT_COLOR_NAME = AccentColor;
				CODE_SIGN_STYLE = Automatic;
				CURRENT_PROJECT_VERSION = 1;
				DEVELOPMENT_TEAM = 86JSFRSCH9;
				GENERATE_INFOPLIST_FILE = YES;
				INFOPLIST_FILE = "iOS-transition/Info.plist";
				INFOPLIST_KEY_UIApplicationSupportsIndirectInputEvents = YES;
				INFOPLIST_KEY_UILaunchStoryboardName = LaunchScreen;
				INFOPLIST_KEY_UIMainStoryboardFile = Main;
				INFOPLIST_KEY_UISupportedInterfaceOrientations_iPad = "UIInterfaceOrientationPortrait UIInterfaceOrientationPortraitUpsideDown UIInterfaceOrientationLandscapeLeft UIInterfaceOrientationLandscapeRight";
				INFOPLIST_KEY_UISupportedInterfaceOrientations_iPhone = "UIInterfaceOrientationPortrait UIInterfaceOrientationLandscapeLeft UIInterfaceOrientationLandscapeRight";
				LD_RUNPATH_SEARCH_PATHS = (
					"$(inherited)",
					"@executable_path/Frameworks",
				);
				MARKETING_VERSION = 1.0;
				PRODUCT_BUNDLE_IDENTIFIER = "com.jane.iOS-transition";
				PRODUCT_NAME = "$(TARGET_NAME)";
				SWIFT_EMIT_LOC_STRINGS = YES;
				TARGETED_DEVICE_FAMILY = "1,2";
			};
			name = Debug;
		};
		3F37FD8228368A3B0088FB3D /* Release */ = {
			isa = XCBuildConfiguration;
			buildSettings = {
				ASSETCATALOG_COMPILER_APPICON_NAME = AppIcon;
				ASSETCATALOG_COMPILER_GLOBAL_ACCENT_COLOR_NAME = AccentColor;
				CODE_SIGN_STYLE = Automatic;
				CURRENT_PROJECT_VERSION = 1;
				DEVELOPMENT_TEAM = 86JSFRSCH9;
				GENERATE_INFOPLIST_FILE = YES;
				INFOPLIST_FILE = "iOS-transition/Info.plist";
				INFOPLIST_KEY_UIApplicationSupportsIndirectInputEvents = YES;
				INFOPLIST_KEY_UILaunchStoryboardName = LaunchScreen;
				INFOPLIST_KEY_UIMainStoryboardFile = Main;
				INFOPLIST_KEY_UISupportedInterfaceOrientations_iPad = "UIInterfaceOrientationPortrait UIInterfaceOrientationPortraitUpsideDown UIInterfaceOrientationLandscapeLeft UIInterfaceOrientationLandscapeRight";
				INFOPLIST_KEY_UISupportedInterfaceOrientations_iPhone = "UIInterfaceOrientationPortrait UIInterfaceOrientationLandscapeLeft UIInterfaceOrientationLandscapeRight";
				LD_RUNPATH_SEARCH_PATHS = (
					"$(inherited)",
					"@executable_path/Frameworks",
				);
				MARKETING_VERSION = 1.0;
				PRODUCT_BUNDLE_IDENTIFIER = "com.jane.iOS-transition";
				PRODUCT_NAME = "$(TARGET_NAME)";
				SWIFT_EMIT_LOC_STRINGS = YES;
				TARGETED_DEVICE_FAMILY = "1,2";
			};
			name = Release;
		};
/* End XCBuildConfiguration section */

/* Begin XCConfigurationList section */
		3F37FD6228368A3A0088FB3D /* Build configuration list for PBXProject "iOS-transition" */ = {
			isa = XCConfigurationList;
			buildConfigurations = (
				3F37FD7E28368A3B0088FB3D /* Debug */,
				3F37FD7F28368A3B0088FB3D /* Release */,
			);
			defaultConfigurationIsVisible = 0;
			defaultConfigurationName = Release;
		};
		3F37FD8028368A3B0088FB3D /* Build configuration list for PBXNativeTarget "iOS-transition" */ = {
			isa = XCConfigurationList;
			buildConfigurations = (
				3F37FD8128368A3B0088FB3D /* Debug */,
				3F37FD8228368A3B0088FB3D /* Release */,
			);
			defaultConfigurationIsVisible = 0;
			defaultConfigurationName = Release;
		};
/* End XCConfigurationList section */
	};
	rootObject = 3F37FD5F28368A3A0088FB3D /* Project object */;
}
