// !$*UTF8*$!
{
	archiveVersion = 1;
	classes = {
	};
	objectVersion = 55;
	objects = {

/* Begin PBXBuildFile section */
		3F0B83672838EA2700BB4B79 /* AppDelegate.m in Sources */ = {isa = PBXBuildFile; fileRef = 3F0B83662838EA2700BB4B79 /* AppDelegate.m */; };
		3F0B836D2838EA2800BB4B79 /* ViewController.m in Sources */ = {isa = PBXBuildFile; fileRef = 3F0B836C2838EA2800BB4B79 /* ViewController.m */; };
		3F0B83722838EA2800BB4B79 /* Assets.xcassets in Resources */ = {isa = PBXBuildFile; fileRef = 3F0B83712838EA2800BB4B79 /* Assets.xcassets */; };
		3F0B83752838EA2800BB4B79 /* LaunchScreen.storyboard in Resources */ = {isa = PBXBuildFile; fileRef = 3F0B83732838EA2800BB4B79 /* LaunchScreen.storyboard */; };
		3F0B83782838EA2800BB4B79 /* main.m in Sources */ = {isa = PBXBuildFile; fileRef = 3F0B83772838EA2800BB4B79 /* main.m */; };
		3F0B837E2838EB8500BB4B79 /* DetailViewController.m in Sources */ = {isa = PBXBuildFile; fileRef = 3F0B837D2838EB8500BB4B79 /* DetailViewController.m */; };
		3F0B83812838F00200BB4B79 /* WebKit.framework in Frameworks */ = {isa = PBXBuildFile; fileRef = 3F0B83802838F00200BB4B79 /* WebKit.framework */; };
		3F0B838728390CF900BB4B79 /* FloatButton.m in Sources */ = {isa = PBXBuildFile; fileRef = 3F0B838628390CF900BB4B79 /* FloatButton.m */; };
		3F0B838A28390D7D00BB4B79 /* UIView+Frame.m in Sources */ = {isa = PBXBuildFile; fileRef = 3F0B838928390D7D00BB4B79 /* UIView+Frame.m */; };
		3F0B838D28390E1400BB4B79 /* FloatWindowMgr.m in Sources */ = {isa = PBXBuildFile; fileRef = 3F0B838C28390E1400BB4B79 /* FloatWindowMgr.m */; };
		3F0B839028391DA700BB4B79 /* FloatFan.m in Sources */ = {isa = PBXBuildFile; fileRef = 3F0B838F28391DA700BB4B79 /* FloatFan.m */; };
		3F0B839328391F1600BB4B79 /* PopInteraction.m in Sources */ = {isa = PBXBuildFile; fileRef = 3F0B839228391F1600BB4B79 /* PopInteraction.m */; };
		3F0B8396283923A300BB4B79 /* PopAnimation.m in Sources */ = {isa = PBXBuildFile; fileRef = 3F0B8395283923A300BB4B79 /* PopAnimation.m */; };
		3F0B839D2839442E00BB4B79 /* TransitionMgr.m in Sources */ = {isa = PBXBuildFile; fileRef = 3F0B839C2839442E00BB4B79 /* TransitionMgr.m */; };
		3F0B83A128394F1000BB4B79 /* UIViewController+Minimize.m in Sources */ = {isa = PBXBuildFile; fileRef = 3F0B83A028394F1000BB4B79 /* UIViewController+Minimize.m */; };
		3F0B83F12839D24200BB4B79 /* TransitionMgr.m in Sources */ = {isa = PBXBuildFile; fileRef = 3F0B83F02839D24200BB4B79 /* TransitionMgr.m */; };
		3F0B83F52839E91A00BB4B79 /* UIView+Frame.m in Sources */ = {isa = PBXBuildFile; fileRef = 3F0B83F42839E91A00BB4B79 /* UIView+Frame.m */; };
		3F0B83FB283A2CD100BB4B79 /* TransitionController.m in Sources */ = {isa = PBXBuildFile; fileRef = 3F0B83FA283A2CD100BB4B79 /* TransitionController.m */; };
		3F0B83FF283A303C00BB4B79 /* AssetTransitionDriver.m in Sources */ = {isa = PBXBuildFile; fileRef = 3F0B83FE283A303C00BB4B79 /* AssetTransitionDriver.m */; };
		3F0B8403283A554C00BB4B79 /* AssetTransitionItem.m in Sources */ = {isa = PBXBuildFile; fileRef = 3F0B8402283A554C00BB4B79 /* AssetTransitionItem.m */; };
		3F37FD8C28368B5C0088FB3D /* AppDelegate.m in Sources */ = {isa = PBXBuildFile; fileRef = 3F37FD8B28368B5C0088FB3D /* AppDelegate.m */; };
		3F37FD9228368B5C0088FB3D /* AlbumViewController.m in Sources */ = {isa = PBXBuildFile; fileRef = 3F37FD9128368B5C0088FB3D /* AlbumViewController.m */; };
		3F37FD9728368B5D0088FB3D /* Assets.xcassets in Resources */ = {isa = PBXBuildFile; fileRef = 3F37FD9628368B5D0088FB3D /* Assets.xcassets */; };
		3F37FD9A28368B5D0088FB3D /* LaunchScreen.storyboard in Resources */ = {isa = PBXBuildFile; fileRef = 3F37FD9828368B5D0088FB3D /* LaunchScreen.storyboard */; };
		3F37FD9D28368B5D0088FB3D /* main.m in Sources */ = {isa = PBXBuildFile; fileRef = 3F37FD9C28368B5D0088FB3D /* main.m */; };
		3F37FDA3283695250088FB3D /* GalleryViewController.m in Sources */ = {isa = PBXBuildFile; fileRef = 3F37FDA2283695250088FB3D /* GalleryViewController.m */; };
		3F37FDA82836A1DA0088FB3D /* MMNavigationController.m in Sources */ = {isa = PBXBuildFile; fileRef = 3F37FDA72836A1DA0088FB3D /* MMNavigationController.m */; };
		3F37FDAC2836A2DB0088FB3D /* PushAnimationController.m in Sources */ = {isa = PBXBuildFile; fileRef = 3F37FDAB2836A2DB0088FB3D /* PushAnimationController.m */; };
		3F3C0A762868570500AE0967 /* AppDelegate.m in Sources */ = {isa = PBXBuildFile; fileRef = 3F3C0A752868570500AE0967 /* AppDelegate.m */; };
		3F3C0A792868570500AE0967 /* SceneDelegate.m in Sources */ = {isa = PBXBuildFile; fileRef = 3F3C0A782868570500AE0967 /* SceneDelegate.m */; };
		3F3C0A7C2868570500AE0967 /* ViewController.m in Sources */ = {isa = PBXBuildFile; fileRef = 3F3C0A7B2868570500AE0967 /* ViewController.m */; };
		3F3C0A7F2868570500AE0967 /* Main.storyboard in Resources */ = {isa = PBXBuildFile; fileRef = 3F3C0A7D2868570500AE0967 /* Main.storyboard */; };
		3F3C0A812868570500AE0967 /* Assets.xcassets in Resources */ = {isa = PBXBuildFile; fileRef = 3F3C0A802868570500AE0967 /* Assets.xcassets */; };
		3F3C0A842868570500AE0967 /* LaunchScreen.storyboard in Resources */ = {isa = PBXBuildFile; fileRef = 3F3C0A822868570500AE0967 /* LaunchScreen.storyboard */; };
		3F3C0A872868570500AE0967 /* main.m in Sources */ = {isa = PBXBuildFile; fileRef = 3F3C0A862868570500AE0967 /* main.m */; };
		3F3C0A8D2868574800AE0967 /* SecViewController.m in Sources */ = {isa = PBXBuildFile; fileRef = 3F3C0A8C2868574800AE0967 /* SecViewController.m */; };
		3F3C0A902868576000AE0967 /* MaskAnimationController.m in Sources */ = {isa = PBXBuildFile; fileRef = 3F3C0A8F2868576000AE0967 /* MaskAnimationController.m */; };
		685DB4002837845000A98960 /* AppDelegate.m in Sources */ = {isa = PBXBuildFile; fileRef = 685DB3FF2837845000A98960 /* AppDelegate.m */; };
		685DB40B2837845100A98960 /* Assets.xcassets in Resources */ = {isa = PBXBuildFile; fileRef = 685DB40A2837845100A98960 /* Assets.xcassets */; };
		685DB40E2837845100A98960 /* LaunchScreen.storyboard in Resources */ = {isa = PBXBuildFile; fileRef = 685DB40C2837845100A98960 /* LaunchScreen.storyboard */; };
		685DB4112837845100A98960 /* main.m in Sources */ = {isa = PBXBuildFile; fileRef = 685DB4102837845100A98960 /* main.m */; };
		685DB4182837850E00A98960 /* AlbumViewController.mm in Sources */ = {isa = PBXBuildFile; fileRef = 685DB4172837850E00A98960 /* AlbumViewController.mm */; };
		685DB41C283787D300A98960 /* ImgFullScreenViewController.m in Sources */ = {isa = PBXBuildFile; fileRef = 685DB41B283787D300A98960 /* ImgFullScreenViewController.m */; };
		685DB42328378D8900A98960 /* MMNavigationViewController.m in Sources */ = {isa = PBXBuildFile; fileRef = 685DB42228378D8900A98960 /* MMNavigationViewController.m */; };
/* End PBXBuildFile section */

/* Begin PBXFileReference section */
		3F0B83632838EA2700BB4B79 /* FloatWindow.app */ = {isa = PBXFileReference; explicitFileType = wrapper.application; includeInIndex = 0; path = FloatWindow.app; sourceTree = BUILT_PRODUCTS_DIR; };
		3F0B83652838EA2700BB4B79 /* AppDelegate.h */ = {isa = PBXFileReference; lastKnownFileType = sourcecode.c.h; path = AppDelegate.h; sourceTree = "<group>"; };
		3F0B83662838EA2700BB4B79 /* AppDelegate.m */ = {isa = PBXFileReference; lastKnownFileType = sourcecode.c.objc; path = AppDelegate.m; sourceTree = "<group>"; };
		3F0B836B2838EA2800BB4B79 /* ViewController.h */ = {isa = PBXFileReference; lastKnownFileType = sourcecode.c.h; path = ViewController.h; sourceTree = "<group>"; };
		3F0B836C2838EA2800BB4B79 /* ViewController.m */ = {isa = PBXFileReference; lastKnownFileType = sourcecode.c.objc; path = ViewController.m; sourceTree = "<group>"; };
		3F0B83712838EA2800BB4B79 /* Assets.xcassets */ = {isa = PBXFileReference; lastKnownFileType = folder.assetcatalog; path = Assets.xcassets; sourceTree = "<group>"; };
		3F0B83742838EA2800BB4B79 /* Base */ = {isa = PBXFileReference; lastKnownFileType = file.storyboard; name = Base; path = Base.lproj/LaunchScreen.storyboard; sourceTree = "<group>"; };
		3F0B83762838EA2800BB4B79 /* Info.plist */ = {isa = PBXFileReference; lastKnownFileType = text.plist.xml; path = Info.plist; sourceTree = "<group>"; };
		3F0B83772838EA2800BB4B79 /* main.m */ = {isa = PBXFileReference; lastKnownFileType = sourcecode.c.objc; path = main.m; sourceTree = "<group>"; };
		3F0B837C2838EB8500BB4B79 /* DetailViewController.h */ = {isa = PBXFileReference; lastKnownFileType = sourcecode.c.h; path = DetailViewController.h; sourceTree = "<group>"; };
		3F0B837D2838EB8500BB4B79 /* DetailViewController.m */ = {isa = PBXFileReference; lastKnownFileType = sourcecode.c.objc; path = DetailViewController.m; sourceTree = "<group>"; };
		3F0B83802838F00200BB4B79 /* WebKit.framework */ = {isa = PBXFileReference; lastKnownFileType = wrapper.framework; name = WebKit.framework; path = System/Library/Frameworks/WebKit.framework; sourceTree = SDKROOT; };
		3F0B838528390CF900BB4B79 /* FloatButton.h */ = {isa = PBXFileReference; lastKnownFileType = sourcecode.c.h; path = FloatButton.h; sourceTree = "<group>"; };
		3F0B838628390CF900BB4B79 /* FloatButton.m */ = {isa = PBXFileReference; lastKnownFileType = sourcecode.c.objc; path = FloatButton.m; sourceTree = "<group>"; };
		3F0B838828390D7D00BB4B79 /* UIView+Frame.h */ = {isa = PBXFileReference; lastKnownFileType = sourcecode.c.h; path = "UIView+Frame.h"; sourceTree = "<group>"; };
		3F0B838928390D7D00BB4B79 /* UIView+Frame.m */ = {isa = PBXFileReference; lastKnownFileType = sourcecode.c.objc; path = "UIView+Frame.m"; sourceTree = "<group>"; };
		3F0B838B28390E1400BB4B79 /* FloatWindowMgr.h */ = {isa = PBXFileReference; lastKnownFileType = sourcecode.c.h; path = FloatWindowMgr.h; sourceTree = "<group>"; };
		3F0B838C28390E1400BB4B79 /* FloatWindowMgr.m */ = {isa = PBXFileReference; lastKnownFileType = sourcecode.c.objc; path = FloatWindowMgr.m; sourceTree = "<group>"; };
		3F0B838E28391DA700BB4B79 /* FloatFan.h */ = {isa = PBXFileReference; lastKnownFileType = sourcecode.c.h; path = FloatFan.h; sourceTree = "<group>"; };
		3F0B838F28391DA700BB4B79 /* FloatFan.m */ = {isa = PBXFileReference; lastKnownFileType = sourcecode.c.objc; path = FloatFan.m; sourceTree = "<group>"; };
		3F0B839128391F1600BB4B79 /* PopInteraction.h */ = {isa = PBXFileReference; lastKnownFileType = sourcecode.c.h; path = PopInteraction.h; sourceTree = "<group>"; };
		3F0B839228391F1600BB4B79 /* PopInteraction.m */ = {isa = PBXFileReference; lastKnownFileType = sourcecode.c.objc; path = PopInteraction.m; sourceTree = "<group>"; };
		3F0B8394283923A300BB4B79 /* PopAnimation.h */ = {isa = PBXFileReference; lastKnownFileType = sourcecode.c.h; path = PopAnimation.h; sourceTree = "<group>"; };
		3F0B8395283923A300BB4B79 /* PopAnimation.m */ = {isa = PBXFileReference; lastKnownFileType = sourcecode.c.objc; path = PopAnimation.m; sourceTree = "<group>"; };
		3F0B839B2839442E00BB4B79 /* TransitionMgr.h */ = {isa = PBXFileReference; lastKnownFileType = sourcecode.c.h; path = TransitionMgr.h; sourceTree = "<group>"; };
		3F0B839C2839442E00BB4B79 /* TransitionMgr.m */ = {isa = PBXFileReference; lastKnownFileType = sourcecode.c.objc; path = TransitionMgr.m; sourceTree = "<group>"; };
		3F0B839E2839447600BB4B79 /* PrefixHeader.pch */ = {isa = PBXFileReference; lastKnownFileType = sourcecode.c.h; path = PrefixHeader.pch; sourceTree = "<group>"; };
		3F0B839F28394F1000BB4B79 /* UIViewController+Minimize.h */ = {isa = PBXFileReference; lastKnownFileType = sourcecode.c.h; path = "UIViewController+Minimize.h"; sourceTree = "<group>"; };
		3F0B83A028394F1000BB4B79 /* UIViewController+Minimize.m */ = {isa = PBXFileReference; lastKnownFileType = sourcecode.c.objc; path = "UIViewController+Minimize.m"; sourceTree = "<group>"; };
		3F0B83EF2839D24200BB4B79 /* TransitionMgr.h */ = {isa = PBXFileReference; lastKnownFileType = sourcecode.c.h; path = TransitionMgr.h; sourceTree = "<group>"; };
		3F0B83F02839D24200BB4B79 /* TransitionMgr.m */ = {isa = PBXFileReference; lastKnownFileType = sourcecode.c.objc; path = TransitionMgr.m; sourceTree = "<group>"; };
		3F0B83F32839E91A00BB4B79 /* UIView+Frame.h */ = {isa = PBXFileReference; lastKnownFileType = sourcecode.c.h; path = "UIView+Frame.h"; sourceTree = "<group>"; };
		3F0B83F42839E91A00BB4B79 /* UIView+Frame.m */ = {isa = PBXFileReference; lastKnownFileType = sourcecode.c.objc; path = "UIView+Frame.m"; sourceTree = "<group>"; };
		3F0B83F9283A2CD100BB4B79 /* TransitionController.h */ = {isa = PBXFileReference; lastKnownFileType = sourcecode.c.h; path = TransitionController.h; sourceTree = "<group>"; };
		3F0B83FA283A2CD100BB4B79 /* TransitionController.m */ = {isa = PBXFileReference; lastKnownFileType = sourcecode.c.objc; path = TransitionController.m; sourceTree = "<group>"; };
		3F0B83FD283A303C00BB4B79 /* AssetTransitionDriver.h */ = {isa = PBXFileReference; lastKnownFileType = sourcecode.c.h; path = AssetTransitionDriver.h; sourceTree = "<group>"; };
		3F0B83FE283A303C00BB4B79 /* AssetTransitionDriver.m */ = {isa = PBXFileReference; lastKnownFileType = sourcecode.c.objc; path = AssetTransitionDriver.m; sourceTree = "<group>"; };
		3F0B8400283A350D00BB4B79 /* AssetTransitioning.h */ = {isa = PBXFileReference; lastKnownFileType = sourcecode.c.h; path = AssetTransitioning.h; sourceTree = "<group>"; };
		3F0B8401283A554C00BB4B79 /* AssetTransitionItem.h */ = {isa = PBXFileReference; lastKnownFileType = sourcecode.c.h; path = AssetTransitionItem.h; sourceTree = "<group>"; };
		3F0B8402283A554C00BB4B79 /* AssetTransitionItem.m */ = {isa = PBXFileReference; lastKnownFileType = sourcecode.c.objc; path = AssetTransitionItem.m; sourceTree = "<group>"; };
		3F37FD8828368B5C0088FB3D /* Album_StyleA.app */ = {isa = PBXFileReference; explicitFileType = wrapper.application; includeInIndex = 0; path = Album_StyleA.app; sourceTree = BUILT_PRODUCTS_DIR; };
		3F37FD8A28368B5C0088FB3D /* AppDelegate.h */ = {isa = PBXFileReference; lastKnownFileType = sourcecode.c.h; path = AppDelegate.h; sourceTree = "<group>"; };
		3F37FD8B28368B5C0088FB3D /* AppDelegate.m */ = {isa = PBXFileReference; lastKnownFileType = sourcecode.c.objc; path = AppDelegate.m; sourceTree = "<group>"; };
		3F37FD9028368B5C0088FB3D /* AlbumViewController.h */ = {isa = PBXFileReference; lastKnownFileType = sourcecode.c.h; path = AlbumViewController.h; sourceTree = "<group>"; };
		3F37FD9128368B5C0088FB3D /* AlbumViewController.m */ = {isa = PBXFileReference; lastKnownFileType = sourcecode.c.objc; path = AlbumViewController.m; sourceTree = "<group>"; };
		3F37FD9628368B5D0088FB3D /* Assets.xcassets */ = {isa = PBXFileReference; lastKnownFileType = folder.assetcatalog; path = Assets.xcassets; sourceTree = "<group>"; };
		3F37FD9928368B5D0088FB3D /* Base */ = {isa = PBXFileReference; lastKnownFileType = file.storyboard; name = Base; path = Base.lproj/LaunchScreen.storyboard; sourceTree = "<group>"; };
		3F37FD9B28368B5D0088FB3D /* Info.plist */ = {isa = PBXFileReference; lastKnownFileType = text.plist.xml; path = Info.plist; sourceTree = "<group>"; };
		3F37FD9C28368B5D0088FB3D /* main.m */ = {isa = PBXFileReference; lastKnownFileType = sourcecode.c.objc; path = main.m; sourceTree = "<group>"; };
		3F37FDA1283695250088FB3D /* GalleryViewController.h */ = {isa = PBXFileReference; lastKnownFileType = sourcecode.c.h; path = GalleryViewController.h; sourceTree = "<group>"; };
		3F37FDA2283695250088FB3D /* GalleryViewController.m */ = {isa = PBXFileReference; lastKnownFileType = sourcecode.c.objc; path = GalleryViewController.m; sourceTree = "<group>"; };
		3F37FDA62836A1DA0088FB3D /* MMNavigationController.h */ = {isa = PBXFileReference; lastKnownFileType = sourcecode.c.h; path = MMNavigationController.h; sourceTree = "<group>"; };
		3F37FDA72836A1DA0088FB3D /* MMNavigationController.m */ = {isa = PBXFileReference; lastKnownFileType = sourcecode.c.objc; path = MMNavigationController.m; sourceTree = "<group>"; };
		3F37FDAA2836A2DB0088FB3D /* PushAnimationController.h */ = {isa = PBXFileReference; lastKnownFileType = sourcecode.c.h; path = PushAnimationController.h; sourceTree = "<group>"; };
		3F37FDAB2836A2DB0088FB3D /* PushAnimationController.m */ = {isa = PBXFileReference; lastKnownFileType = sourcecode.c.objc; path = PushAnimationController.m; sourceTree = "<group>"; };
		3F3C0A722868570500AE0967 /* Mask.app */ = {isa = PBXFileReference; explicitFileType = wrapper.application; includeInIndex = 0; path = Mask.app; sourceTree = BUILT_PRODUCTS_DIR; };
		3F3C0A742868570500AE0967 /* AppDelegate.h */ = {isa = PBXFileReference; lastKnownFileType = sourcecode.c.h; path = AppDelegate.h; sourceTree = "<group>"; };
		3F3C0A752868570500AE0967 /* AppDelegate.m */ = {isa = PBXFileReference; lastKnownFileType = sourcecode.c.objc; path = AppDelegate.m; sourceTree = "<group>"; };
		3F3C0A772868570500AE0967 /* SceneDelegate.h */ = {isa = PBXFileReference; lastKnownFileType = sourcecode.c.h; path = SceneDelegate.h; sourceTree = "<group>"; };
		3F3C0A782868570500AE0967 /* SceneDelegate.m */ = {isa = PBXFileReference; lastKnownFileType = sourcecode.c.objc; path = SceneDelegate.m; sourceTree = "<group>"; };
		3F3C0A7A2868570500AE0967 /* ViewController.h */ = {isa = PBXFileReference; lastKnownFileType = sourcecode.c.h; path = ViewController.h; sourceTree = "<group>"; };
		3F3C0A7B2868570500AE0967 /* ViewController.m */ = {isa = PBXFileReference; lastKnownFileType = sourcecode.c.objc; path = ViewController.m; sourceTree = "<group>"; };
		3F3C0A7E2868570500AE0967 /* Base */ = {isa = PBXFileReference; lastKnownFileType = file.storyboard; name = Base; path = Base.lproj/Main.storyboard; sourceTree = "<group>"; };
		3F3C0A802868570500AE0967 /* Assets.xcassets */ = {isa = PBXFileReference; lastKnownFileType = folder.assetcatalog; path = Assets.xcassets; sourceTree = "<group>"; };
		3F3C0A832868570500AE0967 /* Base */ = {isa = PBXFileReference; lastKnownFileType = file.storyboard; name = Base; path = Base.lproj/LaunchScreen.storyboard; sourceTree = "<group>"; };
		3F3C0A852868570500AE0967 /* Info.plist */ = {isa = PBXFileReference; lastKnownFileType = text.plist.xml; path = Info.plist; sourceTree = "<group>"; };
		3F3C0A862868570500AE0967 /* main.m */ = {isa = PBXFileReference; lastKnownFileType = sourcecode.c.objc; path = main.m; sourceTree = "<group>"; };
		3F3C0A8B2868574800AE0967 /* SecViewController.h */ = {isa = PBXFileReference; lastKnownFileType = sourcecode.c.h; path = SecViewController.h; sourceTree = "<group>"; };
		3F3C0A8C2868574800AE0967 /* SecViewController.m */ = {isa = PBXFileReference; lastKnownFileType = sourcecode.c.objc; path = SecViewController.m; sourceTree = "<group>"; };
		3F3C0A8E2868576000AE0967 /* MaskAnimationController.h */ = {isa = PBXFileReference; lastKnownFileType = sourcecode.c.h; path = MaskAnimationController.h; sourceTree = "<group>"; };
		3F3C0A8F2868576000AE0967 /* MaskAnimationController.m */ = {isa = PBXFileReference; lastKnownFileType = sourcecode.c.objc; path = MaskAnimationController.m; sourceTree = "<group>"; };
		685DB3FC2837845000A98960 /* Album_StyleB.app */ = {isa = PBXFileReference; explicitFileType = wrapper.application; includeInIndex = 0; path = Album_StyleB.app; sourceTree = BUILT_PRODUCTS_DIR; };
		685DB3FE2837845000A98960 /* AppDelegate.h */ = {isa = PBXFileReference; lastKnownFileType = sourcecode.c.h; path = AppDelegate.h; sourceTree = "<group>"; };
		685DB3FF2837845000A98960 /* AppDelegate.m */ = {isa = PBXFileReference; lastKnownFileType = sourcecode.c.objc; path = AppDelegate.m; sourceTree = "<group>"; };
		685DB40A2837845100A98960 /* Assets.xcassets */ = {isa = PBXFileReference; lastKnownFileType = folder.assetcatalog; path = Assets.xcassets; sourceTree = "<group>"; };
		685DB40D2837845100A98960 /* Base */ = {isa = PBXFileReference; lastKnownFileType = file.storyboard; name = Base; path = Base.lproj/LaunchScreen.storyboard; sourceTree = "<group>"; };
		685DB40F2837845100A98960 /* Info.plist */ = {isa = PBXFileReference; lastKnownFileType = text.plist.xml; path = Info.plist; sourceTree = "<group>"; };
		685DB4102837845100A98960 /* main.m */ = {isa = PBXFileReference; lastKnownFileType = sourcecode.c.objc; path = main.m; sourceTree = "<group>"; };
		685DB4162837850E00A98960 /* AlbumViewController.h */ = {isa = PBXFileReference; lastKnownFileType = sourcecode.c.h; path = AlbumViewController.h; sourceTree = "<group>"; };
		685DB4172837850E00A98960 /* AlbumViewController.mm */ = {isa = PBXFileReference; lastKnownFileType = sourcecode.cpp.objcpp; path = AlbumViewController.mm; sourceTree = "<group>"; };
		685DB41A283787D300A98960 /* ImgFullScreenViewController.h */ = {isa = PBXFileReference; lastKnownFileType = sourcecode.c.h; path = ImgFullScreenViewController.h; sourceTree = "<group>"; };
		685DB41B283787D300A98960 /* ImgFullScreenViewController.m */ = {isa = PBXFileReference; lastKnownFileType = sourcecode.c.objc; path = ImgFullScreenViewController.m; sourceTree = "<group>"; };
		685DB42128378D8900A98960 /* MMNavigationViewController.h */ = {isa = PBXFileReference; lastKnownFileType = sourcecode.c.h; path = MMNavigationViewController.h; sourceTree = "<group>"; };
		685DB42228378D8900A98960 /* MMNavigationViewController.m */ = {isa = PBXFileReference; lastKnownFileType = sourcecode.c.objc; path = MMNavigationViewController.m; sourceTree = "<group>"; };
/* End PBXFileReference section */

/* Begin PBXFrameworksBuildPhase section */
		3F0B83602838EA2700BB4B79 /* Frameworks */ = {
			isa = PBXFrameworksBuildPhase;
			buildActionMask = 2147483647;
			files = (
				3F0B83812838F00200BB4B79 /* WebKit.framework in Frameworks */,
			);
			runOnlyForDeploymentPostprocessing = 0;
		};
		3F37FD8528368B5C0088FB3D /* Frameworks */ = {
			isa = PBXFrameworksBuildPhase;
			buildActionMask = 2147483647;
			files = (
			);
			runOnlyForDeploymentPostprocessing = 0;
		};
		3F3C0A6F2868570500AE0967 /* Frameworks */ = {
			isa = PBXFrameworksBuildPhase;
			buildActionMask = 2147483647;
			files = (
			);
			runOnlyForDeploymentPostprocessing = 0;
		};
		685DB3F92837845000A98960 /* Frameworks */ = {
			isa = PBXFrameworksBuildPhase;
			buildActionMask = 2147483647;
			files = (
			);
			runOnlyForDeploymentPostprocessing = 0;
		};
/* End PBXFrameworksBuildPhase section */

/* Begin PBXGroup section */
		3F0B83642838EA2700BB4B79 /* FloatWindow */ = {
			isa = PBXGroup;
			children = (
				3F0B839A283943FF00BB4B79 /* Float */,
				3F0B8399283943D300BB4B79 /* Transition */,
				3F0B8398283943BA00BB4B79 /* Controller */,
				3F0B83972839438900BB4B79 /* Other */,
				3F0B83762838EA2800BB4B79 /* Info.plist */,
				3F0B838828390D7D00BB4B79 /* UIView+Frame.h */,
				3F0B838928390D7D00BB4B79 /* UIView+Frame.m */,
				3F0B839E2839447600BB4B79 /* PrefixHeader.pch */,
			);
			path = FloatWindow;
			sourceTree = "<group>";
		};
		3F0B837F2838F00200BB4B79 /* Frameworks */ = {
			isa = PBXGroup;
			children = (
				3F0B83802838F00200BB4B79 /* WebKit.framework */,
			);
			name = Frameworks;
			sourceTree = "<group>";
		};
		3F0B83972839438900BB4B79 /* Other */ = {
			isa = PBXGroup;
			children = (
				3F0B83712838EA2800BB4B79 /* Assets.xcassets */,
				3F0B83732838EA2800BB4B79 /* LaunchScreen.storyboard */,
				3F0B83772838EA2800BB4B79 /* main.m */,
				3F0B83652838EA2700BB4B79 /* AppDelegate.h */,
				3F0B83662838EA2700BB4B79 /* AppDelegate.m */,
			);
			path = Other;
			sourceTree = "<group>";
		};
		3F0B8398283943BA00BB4B79 /* Controller */ = {
			isa = PBXGroup;
			children = (
				3F0B836B2838EA2800BB4B79 /* ViewController.h */,
				3F0B836C2838EA2800BB4B79 /* ViewController.m */,
				3F0B837C2838EB8500BB4B79 /* DetailViewController.h */,
				3F0B837D2838EB8500BB4B79 /* DetailViewController.m */,
			);
			path = Controller;
			sourceTree = "<group>";
		};
		3F0B8399283943D300BB4B79 /* Transition */ = {
			isa = PBXGroup;
			children = (
				3F0B839128391F1600BB4B79 /* PopInteraction.h */,
				3F0B839228391F1600BB4B79 /* PopInteraction.m */,
				3F0B8394283923A300BB4B79 /* PopAnimation.h */,
				3F0B8395283923A300BB4B79 /* PopAnimation.m */,
				3F0B839B2839442E00BB4B79 /* TransitionMgr.h */,
				3F0B839C2839442E00BB4B79 /* TransitionMgr.m */,
			);
			path = Transition;
			sourceTree = "<group>";
		};
		3F0B839A283943FF00BB4B79 /* Float */ = {
			isa = PBXGroup;
			children = (
				3F0B838E28391DA700BB4B79 /* FloatFan.h */,
				3F0B838F28391DA700BB4B79 /* FloatFan.m */,
				3F0B838528390CF900BB4B79 /* FloatButton.h */,
				3F0B838628390CF900BB4B79 /* FloatButton.m */,
				3F0B838B28390E1400BB4B79 /* FloatWindowMgr.h */,
				3F0B838C28390E1400BB4B79 /* FloatWindowMgr.m */,
				3F0B839F28394F1000BB4B79 /* UIViewController+Minimize.h */,
				3F0B83A028394F1000BB4B79 /* UIViewController+Minimize.m */,
			);
			path = Float;
			sourceTree = "<group>";
		};
		3F0B83F22839E80A00BB4B79 /* Controller */ = {
			isa = PBXGroup;
			children = (
				3F37FD9028368B5C0088FB3D /* AlbumViewController.h */,
				3F37FD9128368B5C0088FB3D /* AlbumViewController.m */,
				3F37FDA1283695250088FB3D /* GalleryViewController.h */,
				3F37FDA2283695250088FB3D /* GalleryViewController.m */,
			);
			path = Controller;
			sourceTree = "<group>";
		};
		3F0B83FC283A2D9700BB4B79 /* Controller */ = {
			isa = PBXGroup;
			children = (
				685DB4162837850E00A98960 /* AlbumViewController.h */,
				685DB4172837850E00A98960 /* AlbumViewController.mm */,
				685DB41A283787D300A98960 /* ImgFullScreenViewController.h */,
				685DB41B283787D300A98960 /* ImgFullScreenViewController.m */,
			);
			path = Controller;
			sourceTree = "<group>";
		};
		3F37FD5E28368A3A0088FB3D = {
			isa = PBXGroup;
			children = (
				3F37FD8928368B5C0088FB3D /* Album_StyleA */,
				685DB3FD2837845000A98960 /* Album_StyleB */,
				3F0B83642838EA2700BB4B79 /* FloatWindow */,
				3F3C0A732868570500AE0967 /* Mask */,
				3F37FD6828368A3A0088FB3D /* Products */,
				3F0B837F2838F00200BB4B79 /* Frameworks */,
			);
			sourceTree = "<group>";
		};
		3F37FD6828368A3A0088FB3D /* Products */ = {
			isa = PBXGroup;
			children = (
				3F37FD8828368B5C0088FB3D /* Album_StyleA.app */,
				685DB3FC2837845000A98960 /* Album_StyleB.app */,
				3F0B83632838EA2700BB4B79 /* FloatWindow.app */,
				3F3C0A722868570500AE0967 /* Mask.app */,
			);
			name = Products;
			sourceTree = "<group>";
		};
		3F37FD8928368B5C0088FB3D /* Album_StyleA */ = {
			isa = PBXGroup;
			children = (
				3F0B83F22839E80A00BB4B79 /* Controller */,
				3F37FDA92836A2BA0088FB3D /* Transition */,
				3F37FDA52836A1BA0088FB3D /* Base */,
				3F37FDA42836952B0088FB3D /* Other */,
				3F37FD9B28368B5D0088FB3D /* Info.plist */,
				3F0B83F32839E91A00BB4B79 /* UIView+Frame.h */,
				3F0B83F42839E91A00BB4B79 /* UIView+Frame.m */,
			);
			path = Album_StyleA;
			sourceTree = "<group>";
		};
		3F37FDA42836952B0088FB3D /* Other */ = {
			isa = PBXGroup;
			children = (
				3F37FD8A28368B5C0088FB3D /* AppDelegate.h */,
				3F37FD8B28368B5C0088FB3D /* AppDelegate.m */,
				3F37FD9C28368B5D0088FB3D /* main.m */,
				3F37FD9828368B5D0088FB3D /* LaunchScreen.storyboard */,
				3F37FD9628368B5D0088FB3D /* Assets.xcassets */,
			);
			path = Other;
			sourceTree = "<group>";
		};
		3F37FDA52836A1BA0088FB3D /* Base */ = {
			isa = PBXGroup;
			children = (
				3F37FDA62836A1DA0088FB3D /* MMNavigationController.h */,
				3F37FDA72836A1DA0088FB3D /* MMNavigationController.m */,
			);
			path = Base;
			sourceTree = "<group>";
		};
		3F37FDA92836A2BA0088FB3D /* Transition */ = {
			isa = PBXGroup;
			children = (
				3F37FDAA2836A2DB0088FB3D /* PushAnimationController.h */,
				3F37FDAB2836A2DB0088FB3D /* PushAnimationController.m */,
				3F0B83EF2839D24200BB4B79 /* TransitionMgr.h */,
				3F0B83F02839D24200BB4B79 /* TransitionMgr.m */,
			);
			path = Transition;
			sourceTree = "<group>";
		};
		3F3C0A732868570500AE0967 /* Mask */ = {
			isa = PBXGroup;
			children = (
				3F3C0A742868570500AE0967 /* AppDelegate.h */,
				3F3C0A752868570500AE0967 /* AppDelegate.m */,
				3F3C0A772868570500AE0967 /* SceneDelegate.h */,
				3F3C0A782868570500AE0967 /* SceneDelegate.m */,
				3F3C0A7A2868570500AE0967 /* ViewController.h */,
				3F3C0A7B2868570500AE0967 /* ViewController.m */,
				3F3C0A7D2868570500AE0967 /* Main.storyboard */,
				3F3C0A802868570500AE0967 /* Assets.xcassets */,
				3F3C0A822868570500AE0967 /* LaunchScreen.storyboard */,
				3F3C0A852868570500AE0967 /* Info.plist */,
				3F3C0A862868570500AE0967 /* main.m */,
				3F3C0A8B2868574800AE0967 /* SecViewController.h */,
				3F3C0A8C2868574800AE0967 /* SecViewController.m */,
				3F3C0A8E2868576000AE0967 /* MaskAnimationController.h */,
				3F3C0A8F2868576000AE0967 /* MaskAnimationController.m */,
			);
			path = Mask;
			sourceTree = "<group>";
		};
		685DB3FD2837845000A98960 /* Album_StyleB */ = {
			isa = PBXGroup;
			children = (
				3F0B83FC283A2D9700BB4B79 /* Controller */,
				685DB42028378D7200A98960 /* Base */,
				685DB4192837878200A98960 /* Transition */,
				685DB4152837845C00A98960 /* Other */,
				685DB40F2837845100A98960 /* Info.plist */,
			);
			path = Album_StyleB;
			sourceTree = "<group>";
		};
		685DB4152837845C00A98960 /* Other */ = {
			isa = PBXGroup;
			children = (
				685DB3FE2837845000A98960 /* AppDelegate.h */,
				685DB3FF2837845000A98960 /* AppDelegate.m */,
				685DB4102837845100A98960 /* main.m */,
				685DB40C2837845100A98960 /* LaunchScreen.storyboard */,
				685DB40A2837845100A98960 /* Assets.xcassets */,
			);
			path = Other;
			sourceTree = "<group>";
		};
		685DB4192837878200A98960 /* Transition */ = {
			isa = PBXGroup;
			children = (
				3F0B83FD283A303C00BB4B79 /* AssetTransitionDriver.h */,
				3F0B83FE283A303C00BB4B79 /* AssetTransitionDriver.m */,
				3F0B83F9283A2CD100BB4B79 /* TransitionController.h */,
				3F0B83FA283A2CD100BB4B79 /* TransitionController.m */,
				3F0B8400283A350D00BB4B79 /* AssetTransitioning.h */,
				3F0B8401283A554C00BB4B79 /* AssetTransitionItem.h */,
				3F0B8402283A554C00BB4B79 /* AssetTransitionItem.m */,
			);
			path = Transition;
			sourceTree = "<group>";
		};
		685DB42028378D7200A98960 /* Base */ = {
			isa = PBXGroup;
			children = (
				685DB42128378D8900A98960 /* MMNavigationViewController.h */,
				685DB42228378D8900A98960 /* MMNavigationViewController.m */,
			);
			path = Base;
			sourceTree = "<group>";
		};
/* End PBXGroup section */

/* Begin PBXNativeTarget section */
		3F0B83622838EA2700BB4B79 /* FloatWindow */ = {
			isa = PBXNativeTarget;
			buildConfigurationList = 3F0B837B2838EA2800BB4B79 /* Build configuration list for PBXNativeTarget "FloatWindow" */;
			buildPhases = (
				3F0B835F2838EA2700BB4B79 /* Sources */,
				3F0B83602838EA2700BB4B79 /* Frameworks */,
				3F0B83612838EA2700BB4B79 /* Resources */,
			);
			buildRules = (
			);
			dependencies = (
			);
			name = FloatWindow;
			productName = FloatWindow;
			productReference = 3F0B83632838EA2700BB4B79 /* FloatWindow.app */;
			productType = "com.apple.product-type.application";
		};
		3F37FD8728368B5C0088FB3D /* Album_StyleA */ = {
			isa = PBXNativeTarget;
			buildConfigurationList = 3F37FD9E28368B5D0088FB3D /* Build configuration list for PBXNativeTarget "Album_StyleA" */;
			buildPhases = (
				3F37FD8428368B5C0088FB3D /* Sources */,
				3F37FD8528368B5C0088FB3D /* Frameworks */,
				3F37FD8628368B5C0088FB3D /* Resources */,
			);
			buildRules = (
			);
			dependencies = (
			);
			name = Album_StyleA;
			productName = Album_StyleA;
			productReference = 3F37FD8828368B5C0088FB3D /* Album_StyleA.app */;
			productType = "com.apple.product-type.application";
		};
		3F3C0A712868570500AE0967 /* Mask */ = {
			isa = PBXNativeTarget;
			buildConfigurationList = 3F3C0A8A2868570500AE0967 /* Build configuration list for PBXNativeTarget "Mask" */;
			buildPhases = (
				3F3C0A6E2868570500AE0967 /* Sources */,
				3F3C0A6F2868570500AE0967 /* Frameworks */,
				3F3C0A702868570500AE0967 /* Resources */,
			);
			buildRules = (
			);
			dependencies = (
			);
			name = Mask;
			productName = Mask;
			productReference = 3F3C0A722868570500AE0967 /* Mask.app */;
			productType = "com.apple.product-type.application";
		};
		685DB3FB2837845000A98960 /* Album_StyleB */ = {
			isa = PBXNativeTarget;
			buildConfigurationList = 685DB4142837845100A98960 /* Build configuration list for PBXNativeTarget "Album_StyleB" */;
			buildPhases = (
				685DB3F82837845000A98960 /* Sources */,
				685DB3F92837845000A98960 /* Frameworks */,
				685DB3FA2837845000A98960 /* Resources */,
			);
			buildRules = (
			);
			dependencies = (
			);
			name = Album_StyleB;
			productName = Album_StyleB;
			productReference = 685DB3FC2837845000A98960 /* Album_StyleB.app */;
			productType = "com.apple.product-type.application";
		};
/* End PBXNativeTarget section */

/* Begin PBXProject section */
		3F37FD5F28368A3A0088FB3D /* Project object */ = {
			isa = PBXProject;
			attributes = {
				BuildIndependentTargetsInParallel = 1;
				LastUpgradeCheck = 1330;
				TargetAttributes = {
					3F0B83622838EA2700BB4B79 = {
						CreatedOnToolsVersion = 13.3.1;
					};
					3F37FD8728368B5C0088FB3D = {
						CreatedOnToolsVersion = 13.3.1;
					};
					3F3C0A712868570500AE0967 = {
						CreatedOnToolsVersion = 13.3.1;
					};
					685DB3FB2837845000A98960 = {
						CreatedOnToolsVersion = 13.3;
					};
				};
			};
			buildConfigurationList = 3F37FD6228368A3A0088FB3D /* Build configuration list for PBXProject "iOS-transition" */;
			compatibilityVersion = "Xcode 13.0";
			developmentRegion = en;
			hasScannedForEncodings = 0;
			knownRegions = (
				en,
				Base,
			);
			mainGroup = 3F37FD5E28368A3A0088FB3D;
			productRefGroup = 3F37FD6828368A3A0088FB3D /* Products */;
			projectDirPath = "";
			projectRoot = "";
			targets = (
				3F37FD8728368B5C0088FB3D /* Album_StyleA */,
				685DB3FB2837845000A98960 /* Album_StyleB */,
				3F0B83622838EA2700BB4B79 /* FloatWindow */,
				3F3C0A712868570500AE0967 /* Mask */,
			);
		};
/* End PBXProject section */

/* Begin PBXResourcesBuildPhase section */
		3F0B83612838EA2700BB4B79 /* Resources */ = {
			isa = PBXResourcesBuildPhase;
			buildActionMask = 2147483647;
			files = (
				3F0B83752838EA2800BB4B79 /* LaunchScreen.storyboard in Resources */,
				3F0B83722838EA2800BB4B79 /* Assets.xcassets in Resources */,
			);
			runOnlyForDeploymentPostprocessing = 0;
		};
		3F37FD8628368B5C0088FB3D /* Resources */ = {
			isa = PBXResourcesBuildPhase;
			buildActionMask = 2147483647;
			files = (
				3F37FD9A28368B5D0088FB3D /* LaunchScreen.storyboard in Resources */,
				3F37FD9728368B5D0088FB3D /* Assets.xcassets in Resources */,
			);
			runOnlyForDeploymentPostprocessing = 0;
		};
		3F3C0A702868570500AE0967 /* Resources */ = {
			isa = PBXResourcesBuildPhase;
			buildActionMask = 2147483647;
			files = (
				3F3C0A842868570500AE0967 /* LaunchScreen.storyboard in Resources */,
				3F3C0A812868570500AE0967 /* Assets.xcassets in Resources */,
				3F3C0A7F2868570500AE0967 /* Main.storyboard in Resources */,
			);
			runOnlyForDeploymentPostprocessing = 0;
		};
		685DB3FA2837845000A98960 /* Resources */ = {
			isa = PBXResourcesBuildPhase;
			buildActionMask = 2147483647;
			files = (
				685DB40E2837845100A98960 /* LaunchScreen.storyboard in Resources */,
				685DB40B2837845100A98960 /* Assets.xcassets in Resources */,
			);
			runOnlyForDeploymentPostprocessing = 0;
		};
/* End PBXResourcesBuildPhase section */

/* Begin PBXSourcesBuildPhase section */
		3F0B835F2838EA2700BB4B79 /* Sources */ = {
			isa = PBXSourcesBuildPhase;
			buildActionMask = 2147483647;
			files = (
				3F0B839028391DA700BB4B79 /* FloatFan.m in Sources */,
				3F0B838A28390D7D00BB4B79 /* UIView+Frame.m in Sources */,
				3F0B8396283923A300BB4B79 /* PopAnimation.m in Sources */,
				3F0B836D2838EA2800BB4B79 /* ViewController.m in Sources */,
				3F0B83A128394F1000BB4B79 /* UIViewController+Minimize.m in Sources */,
				3F0B839328391F1600BB4B79 /* PopInteraction.m in Sources */,
				3F0B83672838EA2700BB4B79 /* AppDelegate.m in Sources */,
				3F0B839D2839442E00BB4B79 /* TransitionMgr.m in Sources */,
				3F0B838D28390E1400BB4B79 /* FloatWindowMgr.m in Sources */,
				3F0B838728390CF900BB4B79 /* FloatButton.m in Sources */,
				3F0B83782838EA2800BB4B79 /* main.m in Sources */,
				3F0B837E2838EB8500BB4B79 /* DetailViewController.m in Sources */,
			);
			runOnlyForDeploymentPostprocessing = 0;
		};
		3F37FD8428368B5C0088FB3D /* Sources */ = {
			isa = PBXSourcesBuildPhase;
			buildActionMask = 2147483647;
			files = (
				3F37FD9228368B5C0088FB3D /* AlbumViewController.m in Sources */,
				3F37FDAC2836A2DB0088FB3D /* PushAnimationController.m in Sources */,
				3F37FD9228368B5C0088FB3D /* AlbumViewController.m in Sources */,
				3F0B83F52839E91A00BB4B79 /* UIView+Frame.m in Sources */,
				3F0B83F12839D24200BB4B79 /* TransitionMgr.m in Sources */,
				3F37FDA82836A1DA0088FB3D /* MMNavigationController.m in Sources */,
				3F37FDA3283695250088FB3D /* GalleryViewController.m in Sources */,
				3F37FD8C28368B5C0088FB3D /* AppDelegate.m in Sources */,
				3F37FD9D28368B5D0088FB3D /* main.m in Sources */,
			);
			runOnlyForDeploymentPostprocessing = 0;
		};
		3F3C0A6E2868570500AE0967 /* Sources */ = {
			isa = PBXSourcesBuildPhase;
			buildActionMask = 2147483647;
			files = (
				3F3C0A902868576000AE0967 /* MaskAnimationController.m in Sources */,
				3F3C0A7C2868570500AE0967 /* ViewController.m in Sources */,
				3F3C0A762868570500AE0967 /* AppDelegate.m in Sources */,
				3F3C0A872868570500AE0967 /* main.m in Sources */,
				3F3C0A8D2868574800AE0967 /* SecViewController.m in Sources */,
				3F3C0A792868570500AE0967 /* SceneDelegate.m in Sources */,
			);
			runOnlyForDeploymentPostprocessing = 0;
		};
		685DB3F82837845000A98960 /* Sources */ = {
			isa = PBXSourcesBuildPhase;
			buildActionMask = 2147483647;
			files = (
				3F0B83FF283A303C00BB4B79 /* AssetTransitionDriver.m in Sources */,
				685DB4182837850E00A98960 /* AlbumViewController.mm in Sources */,
				3F0B8403283A554C00BB4B79 /* AssetTransitionItem.m in Sources */,
				685DB4002837845000A98960 /* AppDelegate.m in Sources */,
				685DB4112837845100A98960 /* main.m in Sources */,
				685DB41C283787D300A98960 /* ImgFullScreenViewController.m in Sources */,
				685DB42328378D8900A98960 /* MMNavigationViewController.m in Sources */,
				3F0B83FB283A2CD100BB4B79 /* TransitionController.m in Sources */,
			);
			runOnlyForDeploymentPostprocessing = 0;
		};
/* End PBXSourcesBuildPhase section */

/* Begin PBXVariantGroup section */
		3F0B83732838EA2800BB4B79 /* LaunchScreen.storyboard */ = {
			isa = PBXVariantGroup;
			children = (
				3F0B83742838EA2800BB4B79 /* Base */,
			);
			name = LaunchScreen.storyboard;
			sourceTree = "<group>";
		};
		3F37FD9828368B5D0088FB3D /* LaunchScreen.storyboard */ = {
			isa = PBXVariantGroup;
			children = (
				3F37FD9928368B5D0088FB3D /* Base */,
			);
			name = LaunchScreen.storyboard;
			sourceTree = "<group>";
		};
		3F3C0A7D2868570500AE0967 /* Main.storyboard */ = {
			isa = PBXVariantGroup;
			children = (
				3F3C0A7E2868570500AE0967 /* Base */,
			);
			name = Main.storyboard;
			sourceTree = "<group>";
		};
		3F3C0A822868570500AE0967 /* LaunchScreen.storyboard */ = {
			isa = PBXVariantGroup;
			children = (
				3F3C0A832868570500AE0967 /* Base */,
			);
			name = LaunchScreen.storyboard;
			sourceTree = "<group>";
		};
		685DB40C2837845100A98960 /* LaunchScreen.storyboard */ = {
			isa = PBXVariantGroup;
			children = (
				685DB40D2837845100A98960 /* Base */,
			);
			name = LaunchScreen.storyboard;
			sourceTree = "<group>";
		};
/* End PBXVariantGroup section */

/* Begin XCBuildConfiguration section */
		3F0B83792838EA2800BB4B79 /* Debug */ = {
			isa = XCBuildConfiguration;
			buildSettings = {
				ASSETCATALOG_COMPILER_APPICON_NAME = AppIcon;
				ASSETCATALOG_COMPILER_GLOBAL_ACCENT_COLOR_NAME = AccentColor;
				CODE_SIGN_STYLE = Automatic;
				CURRENT_PROJECT_VERSION = 1;
				DEVELOPMENT_TEAM = 86JSFRSCH9;
				GCC_PREFIX_HEADER = "$(PROJECT_DIR)/FloatWindow/PrefixHeader.pch";
				GENERATE_INFOPLIST_FILE = YES;
				INFOPLIST_FILE = FloatWindow/Info.plist;
				INFOPLIST_KEY_UIApplicationSupportsIndirectInputEvents = YES;
				INFOPLIST_KEY_UILaunchStoryboardName = LaunchScreen;
				INFOPLIST_KEY_UISupportedInterfaceOrientations_iPad = "UIInterfaceOrientationPortrait UIInterfaceOrientationPortraitUpsideDown UIInterfaceOrientationLandscapeLeft UIInterfaceOrientationLandscapeRight";
				INFOPLIST_KEY_UISupportedInterfaceOrientations_iPhone = "UIInterfaceOrientationPortrait UIInterfaceOrientationLandscapeLeft UIInterfaceOrientationLandscapeRight";
				LD_RUNPATH_SEARCH_PATHS = (
					"$(inherited)",
					"@executable_path/Frameworks",
				);
				MARKETING_VERSION = 1.0;
				PRODUCT_BUNDLE_IDENTIFIER = com.jane.FloatWindow;
				PRODUCT_NAME = "$(TARGET_NAME)";
				SWIFT_EMIT_LOC_STRINGS = YES;
				TARGETED_DEVICE_FAMILY = "1,2";
			};
			name = Debug;
		};
		3F0B837A2838EA2800BB4B79 /* Release */ = {
			isa = XCBuildConfiguration;
			buildSettings = {
				ASSETCATALOG_COMPILER_APPICON_NAME = AppIcon;
				ASSETCATALOG_COMPILER_GLOBAL_ACCENT_COLOR_NAME = AccentColor;
				CODE_SIGN_STYLE = Automatic;
				CURRENT_PROJECT_VERSION = 1;
				DEVELOPMENT_TEAM = 86JSFRSCH9;
				GCC_PREFIX_HEADER = "$(PROJECT_DIR)/FloatWindow/PrefixHeader.pch";
				GENERATE_INFOPLIST_FILE = YES;
				INFOPLIST_FILE = FloatWindow/Info.plist;
				INFOPLIST_KEY_UIApplicationSupportsIndirectInputEvents = YES;
				INFOPLIST_KEY_UILaunchStoryboardName = LaunchScreen;
				INFOPLIST_KEY_UISupportedInterfaceOrientations_iPad = "UIInterfaceOrientationPortrait UIInterfaceOrientationPortraitUpsideDown UIInterfaceOrientationLandscapeLeft UIInterfaceOrientationLandscapeRight";
				INFOPLIST_KEY_UISupportedInterfaceOrientations_iPhone = "UIInterfaceOrientationPortrait UIInterfaceOrientationLandscapeLeft UIInterfaceOrientationLandscapeRight";
				LD_RUNPATH_SEARCH_PATHS = (
					"$(inherited)",
					"@executable_path/Frameworks",
				);
				MARKETING_VERSION = 1.0;
				PRODUCT_BUNDLE_IDENTIFIER = com.jane.FloatWindow;
				PRODUCT_NAME = "$(TARGET_NAME)";
				SWIFT_EMIT_LOC_STRINGS = YES;
				TARGETED_DEVICE_FAMILY = "1,2";
			};
			name = Release;
		};
		3F37FD7E28368A3B0088FB3D /* Debug */ = {
			isa = XCBuildConfiguration;
			buildSettings = {
				ALWAYS_SEARCH_USER_PATHS = NO;
				CLANG_ANALYZER_NONNULL = YES;
				CLANG_ANALYZER_NUMBER_OBJECT_CONVERSION = YES_AGGRESSIVE;
				CLANG_CXX_LANGUAGE_STANDARD = "gnu++17";
				CLANG_ENABLE_MODULES = YES;
				CLANG_ENABLE_OBJC_ARC = YES;
				CLANG_ENABLE_OBJC_WEAK = YES;
				CLANG_WARN_BLOCK_CAPTURE_AUTORELEASING = YES;
				CLANG_WARN_BOOL_CONVERSION = YES;
				CLANG_WARN_COMMA = YES;
				CLANG_WARN_CONSTANT_CONVERSION = YES;
				CLANG_WARN_DEPRECATED_OBJC_IMPLEMENTATIONS = YES;
				CLANG_WARN_DIRECT_OBJC_ISA_USAGE = YES_ERROR;
				CLANG_WARN_DOCUMENTATION_COMMENTS = YES;
				CLANG_WARN_EMPTY_BODY = YES;
				CLANG_WARN_ENUM_CONVERSION = YES;
				CLANG_WARN_INFINITE_RECURSION = YES;
				CLANG_WARN_INT_CONVERSION = YES;
				CLANG_WARN_NON_LITERAL_NULL_CONVERSION = YES;
				CLANG_WARN_OBJC_IMPLICIT_RETAIN_SELF = YES;
				CLANG_WARN_OBJC_LITERAL_CONVERSION = YES;
				CLANG_WARN_OBJC_ROOT_CLASS = YES_ERROR;
				CLANG_WARN_QUOTED_INCLUDE_IN_FRAMEWORK_HEADER = YES;
				CLANG_WARN_RANGE_LOOP_ANALYSIS = YES;
				CLANG_WARN_STRICT_PROTOTYPES = YES;
				CLANG_WARN_SUSPICIOUS_MOVE = YES;
				CLANG_WARN_UNGUARDED_AVAILABILITY = YES_AGGRESSIVE;
				CLANG_WARN_UNREACHABLE_CODE = YES;
				CLANG_WARN__DUPLICATE_METHOD_MATCH = YES;
				COPY_PHASE_STRIP = NO;
				DEBUG_INFORMATION_FORMAT = dwarf;
				ENABLE_STRICT_OBJC_MSGSEND = YES;
				ENABLE_TESTABILITY = YES;
				GCC_C_LANGUAGE_STANDARD = gnu11;
				GCC_DYNAMIC_NO_PIC = NO;
				GCC_NO_COMMON_BLOCKS = YES;
				GCC_OPTIMIZATION_LEVEL = 0;
				GCC_PREPROCESSOR_DEFINITIONS = (
					"DEBUG=1",
					"$(inherited)",
				);
				GCC_WARN_64_TO_32_BIT_CONVERSION = YES;
				GCC_WARN_ABOUT_RETURN_TYPE = YES_ERROR;
				GCC_WARN_UNDECLARED_SELECTOR = YES;
				GCC_WARN_UNINITIALIZED_AUTOS = YES_AGGRESSIVE;
				GCC_WARN_UNUSED_FUNCTION = YES;
				GCC_WARN_UNUSED_VARIABLE = YES;
				IPHONEOS_DEPLOYMENT_TARGET = 15.4;
				MTL_ENABLE_DEBUG_INFO = INCLUDE_SOURCE;
				MTL_FAST_MATH = YES;
				ONLY_ACTIVE_ARCH = YES;
				SDKROOT = iphoneos;
			};
			name = Debug;
		};
		3F37FD7F28368A3B0088FB3D /* Release */ = {
			isa = XCBuildConfiguration;
			buildSettings = {
				ALWAYS_SEARCH_USER_PATHS = NO;
				CLANG_ANALYZER_NONNULL = YES;
				CLANG_ANALYZER_NUMBER_OBJECT_CONVERSION = YES_AGGRESSIVE;
				CLANG_CXX_LANGUAGE_STANDARD = "gnu++17";
				CLANG_ENABLE_MODULES = YES;
				CLANG_ENABLE_OBJC_ARC = YES;
				CLANG_ENABLE_OBJC_WEAK = YES;
				CLANG_WARN_BLOCK_CAPTURE_AUTORELEASING = YES;
				CLANG_WARN_BOOL_CONVERSION = YES;
				CLANG_WARN_COMMA = YES;
				CLANG_WARN_CONSTANT_CONVERSION = YES;
				CLANG_WARN_DEPRECATED_OBJC_IMPLEMENTATIONS = YES;
				CLANG_WARN_DIRECT_OBJC_ISA_USAGE = YES_ERROR;
				CLANG_WARN_DOCUMENTATION_COMMENTS = YES;
				CLANG_WARN_EMPTY_BODY = YES;
				CLANG_WARN_ENUM_CONVERSION = YES;
				CLANG_WARN_INFINITE_RECURSION = YES;
				CLANG_WARN_INT_CONVERSION = YES;
				CLANG_WARN_NON_LITERAL_NULL_CONVERSION = YES;
				CLANG_WARN_OBJC_IMPLICIT_RETAIN_SELF = YES;
				CLANG_WARN_OBJC_LITERAL_CONVERSION = YES;
				CLANG_WARN_OBJC_ROOT_CLASS = YES_ERROR;
				CLANG_WARN_QUOTED_INCLUDE_IN_FRAMEWORK_HEADER = YES;
				CLANG_WARN_RANGE_LOOP_ANALYSIS = YES;
				CLANG_WARN_STRICT_PROTOTYPES = YES;
				CLANG_WARN_SUSPICIOUS_MOVE = YES;
				CLANG_WARN_UNGUARDED_AVAILABILITY = YES_AGGRESSIVE;
				CLANG_WARN_UNREACHABLE_CODE = YES;
				CLANG_WARN__DUPLICATE_METHOD_MATCH = YES;
				COPY_PHASE_STRIP = NO;
				DEBUG_INFORMATION_FORMAT = "dwarf-with-dsym";
				ENABLE_NS_ASSERTIONS = NO;
				ENABLE_STRICT_OBJC_MSGSEND = YES;
				GCC_C_LANGUAGE_STANDARD = gnu11;
				GCC_NO_COMMON_BLOCKS = YES;
				GCC_WARN_64_TO_32_BIT_CONVERSION = YES;
				GCC_WARN_ABOUT_RETURN_TYPE = YES_ERROR;
				GCC_WARN_UNDECLARED_SELECTOR = YES;
				GCC_WARN_UNINITIALIZED_AUTOS = YES_AGGRESSIVE;
				GCC_WARN_UNUSED_FUNCTION = YES;
				GCC_WARN_UNUSED_VARIABLE = YES;
				IPHONEOS_DEPLOYMENT_TARGET = 15.4;
				MTL_ENABLE_DEBUG_INFO = NO;
				MTL_FAST_MATH = YES;
				SDKROOT = iphoneos;
				VALIDATE_PRODUCT = YES;
			};
			name = Release;
		};
		3F37FD9F28368B5D0088FB3D /* Debug */ = {
			isa = XCBuildConfiguration;
			buildSettings = {
				ASSETCATALOG_COMPILER_APPICON_NAME = AppIcon;
				ASSETCATALOG_COMPILER_GLOBAL_ACCENT_COLOR_NAME = AccentColor;
				CODE_SIGN_STYLE = Automatic;
				CURRENT_PROJECT_VERSION = 1;
				DEVELOPMENT_TEAM = 86JSFRSCH9;
				GENERATE_INFOPLIST_FILE = YES;
				INFOPLIST_FILE = Album_StyleA/Info.plist;
				INFOPLIST_KEY_UIApplicationSupportsIndirectInputEvents = YES;
				INFOPLIST_KEY_UILaunchStoryboardName = LaunchScreen;
				INFOPLIST_KEY_UISupportedInterfaceOrientations_iPad = "UIInterfaceOrientationPortrait UIInterfaceOrientationPortraitUpsideDown UIInterfaceOrientationLandscapeLeft UIInterfaceOrientationLandscapeRight";
				INFOPLIST_KEY_UISupportedInterfaceOrientations_iPhone = "UIInterfaceOrientationPortrait UIInterfaceOrientationLandscapeLeft UIInterfaceOrientationLandscapeRight";
				LD_RUNPATH_SEARCH_PATHS = (
					"$(inherited)",
					"@executable_path/Frameworks",
				);
				MARKETING_VERSION = 1.0;
				PRODUCT_BUNDLE_IDENTIFIER = "com.jane.Album-StyleA";
				PRODUCT_NAME = "$(TARGET_NAME)";
				SWIFT_EMIT_LOC_STRINGS = YES;
				TARGETED_DEVICE_FAMILY = "1,2";
			};
			name = Debug;
		};
		3F37FDA028368B5D0088FB3D /* Release */ = {
			isa = XCBuildConfiguration;
			buildSettings = {
				ASSETCATALOG_COMPILER_APPICON_NAME = AppIcon;
				ASSETCATALOG_COMPILER_GLOBAL_ACCENT_COLOR_NAME = AccentColor;
				CODE_SIGN_STYLE = Automatic;
				CURRENT_PROJECT_VERSION = 1;
				DEVELOPMENT_TEAM = 86JSFRSCH9;
				GENERATE_INFOPLIST_FILE = YES;
				INFOPLIST_FILE = Album_StyleA/Info.plist;
				INFOPLIST_KEY_UIApplicationSupportsIndirectInputEvents = YES;
				INFOPLIST_KEY_UILaunchStoryboardName = LaunchScreen;
				INFOPLIST_KEY_UISupportedInterfaceOrientations_iPad = "UIInterfaceOrientationPortrait UIInterfaceOrientationPortraitUpsideDown UIInterfaceOrientationLandscapeLeft UIInterfaceOrientationLandscapeRight";
				INFOPLIST_KEY_UISupportedInterfaceOrientations_iPhone = "UIInterfaceOrientationPortrait UIInterfaceOrientationLandscapeLeft UIInterfaceOrientationLandscapeRight";
				LD_RUNPATH_SEARCH_PATHS = (
					"$(inherited)",
					"@executable_path/Frameworks",
				);
				MARKETING_VERSION = 1.0;
				PRODUCT_BUNDLE_IDENTIFIER = "com.jane.Album-StyleA";
				PRODUCT_NAME = "$(TARGET_NAME)";
				SWIFT_EMIT_LOC_STRINGS = YES;
				TARGETED_DEVICE_FAMILY = "1,2";
			};
			name = Release;
		};
		3F3C0A882868570500AE0967 /* Debug */ = {
			isa = XCBuildConfiguration;
			buildSettings = {
				ASSETCATALOG_COMPILER_APPICON_NAME = AppIcon;
				ASSETCATALOG_COMPILER_GLOBAL_ACCENT_COLOR_NAME = AccentColor;
				CODE_SIGN_STYLE = Automatic;
				CURRENT_PROJECT_VERSION = 1;
				DEVELOPMENT_TEAM = 86JSFRSCH9;
				GENERATE_INFOPLIST_FILE = YES;
				INFOPLIST_FILE = Mask/Info.plist;
				INFOPLIST_KEY_UIApplicationSupportsIndirectInputEvents = YES;
				INFOPLIST_KEY_UILaunchStoryboardName = LaunchScreen;
				INFOPLIST_KEY_UIMainStoryboardFile = Main;
				INFOPLIST_KEY_UISupportedInterfaceOrientations_iPad = "UIInterfaceOrientationPortrait UIInterfaceOrientationPortraitUpsideDown UIInterfaceOrientationLandscapeLeft UIInterfaceOrientationLandscapeRight";
				INFOPLIST_KEY_UISupportedInterfaceOrientations_iPhone = "UIInterfaceOrientationPortrait UIInterfaceOrientationLandscapeLeft UIInterfaceOrientationLandscapeRight";
				LD_RUNPATH_SEARCH_PATHS = (
					"$(inherited)",
					"@executable_path/Frameworks",
				);
				MARKETING_VERSION = 1.0;
				PRODUCT_BUNDLE_IDENTIFIER = com.jane.Mask;
				PRODUCT_NAME = "$(TARGET_NAME)";
				SWIFT_EMIT_LOC_STRINGS = YES;
				TARGETED_DEVICE_FAMILY = "1,2";
			};
			name = Debug;
		};
		3F3C0A892868570500AE0967 /* Release */ = {
			isa = XCBuildConfiguration;
			buildSettings = {
				ASSETCATALOG_COMPILER_APPICON_NAME = AppIcon;
				ASSETCATALOG_COMPILER_GLOBAL_ACCENT_COLOR_NAME = AccentColor;
				CODE_SIGN_STYLE = Automatic;
				CURRENT_PROJECT_VERSION = 1;
				DEVELOPMENT_TEAM = 86JSFRSCH9;
				GENERATE_INFOPLIST_FILE = YES;
				INFOPLIST_FILE = Mask/Info.plist;
				INFOPLIST_KEY_UIApplicationSupportsIndirectInputEvents = YES;
				INFOPLIST_KEY_UILaunchStoryboardName = LaunchScreen;
				INFOPLIST_KEY_UIMainStoryboardFile = Main;
				INFOPLIST_KEY_UISupportedInterfaceOrientations_iPad = "UIInterfaceOrientationPortrait UIInterfaceOrientationPortraitUpsideDown UIInterfaceOrientationLandscapeLeft UIInterfaceOrientationLandscapeRight";
				INFOPLIST_KEY_UISupportedInterfaceOrientations_iPhone = "UIInterfaceOrientationPortrait UIInterfaceOrientationLandscapeLeft UIInterfaceOrientationLandscapeRight";
				LD_RUNPATH_SEARCH_PATHS = (
					"$(inherited)",
					"@executable_path/Frameworks",
				);
				MARKETING_VERSION = 1.0;
				PRODUCT_BUNDLE_IDENTIFIER = com.jane.Mask;
				PRODUCT_NAME = "$(TARGET_NAME)";
				SWIFT_EMIT_LOC_STRINGS = YES;
				TARGETED_DEVICE_FAMILY = "1,2";
			};
			name = Release;
		};
		685DB4122837845100A98960 /* Debug */ = {
			isa = XCBuildConfiguration;
			buildSettings = {
				ASSETCATALOG_COMPILER_APPICON_NAME = AppIcon;
				ASSETCATALOG_COMPILER_GLOBAL_ACCENT_COLOR_NAME = AccentColor;
				CODE_SIGN_STYLE = Automatic;
				CURRENT_PROJECT_VERSION = 1;
				DEVELOPMENT_TEAM = 86JSFRSCH9;
				GENERATE_INFOPLIST_FILE = YES;
				INFOPLIST_FILE = Album_StyleB/Info.plist;
				INFOPLIST_KEY_UIApplicationSupportsIndirectInputEvents = YES;
				INFOPLIST_KEY_UILaunchStoryboardName = LaunchScreen;
				INFOPLIST_KEY_UISupportedInterfaceOrientations_iPad = "UIInterfaceOrientationPortrait UIInterfaceOrientationPortraitUpsideDown UIInterfaceOrientationLandscapeLeft UIInterfaceOrientationLandscapeRight";
				INFOPLIST_KEY_UISupportedInterfaceOrientations_iPhone = "UIInterfaceOrientationPortrait UIInterfaceOrientationLandscapeLeft UIInterfaceOrientationLandscapeRight";
				LD_RUNPATH_SEARCH_PATHS = (
					"$(inherited)",
					"@executable_path/Frameworks",
				);
				MARKETING_VERSION = 1.0;
				PRODUCT_BUNDLE_IDENTIFIER = "com.jane.Album-StyleB";
				PRODUCT_NAME = "$(TARGET_NAME)";
				SWIFT_EMIT_LOC_STRINGS = YES;
				TARGETED_DEVICE_FAMILY = "1,2";
			};
			name = Debug;
		};
		685DB4132837845100A98960 /* Release */ = {
			isa = XCBuildConfiguration;
			buildSettings = {
				ASSETCATALOG_COMPILER_APPICON_NAME = AppIcon;
				ASSETCATALOG_COMPILER_GLOBAL_ACCENT_COLOR_NAME = AccentColor;
				CODE_SIGN_STYLE = Automatic;
				CURRENT_PROJECT_VERSION = 1;
				DEVELOPMENT_TEAM = 86JSFRSCH9;
				GENERATE_INFOPLIST_FILE = YES;
				INFOPLIST_FILE = Album_StyleB/Info.plist;
				INFOPLIST_KEY_UIApplicationSupportsIndirectInputEvents = YES;
				INFOPLIST_KEY_UILaunchStoryboardName = LaunchScreen;
				INFOPLIST_KEY_UISupportedInterfaceOrientations_iPad = "UIInterfaceOrientationPortrait UIInterfaceOrientationPortraitUpsideDown UIInterfaceOrientationLandscapeLeft UIInterfaceOrientationLandscapeRight";
				INFOPLIST_KEY_UISupportedInterfaceOrientations_iPhone = "UIInterfaceOrientationPortrait UIInterfaceOrientationLandscapeLeft UIInterfaceOrientationLandscapeRight";
				LD_RUNPATH_SEARCH_PATHS = (
					"$(inherited)",
					"@executable_path/Frameworks",
				);
				MARKETING_VERSION = 1.0;
				PRODUCT_BUNDLE_IDENTIFIER = "com.jane.Album-StyleB";
				PRODUCT_NAME = "$(TARGET_NAME)";
				SWIFT_EMIT_LOC_STRINGS = YES;
				TARGETED_DEVICE_FAMILY = "1,2";
			};
			name = Release;
		};
/* End XCBuildConfiguration section */

/* Begin XCConfigurationList section */
		3F0B837B2838EA2800BB4B79 /* Build configuration list for PBXNativeTarget "FloatWindow" */ = {
			isa = XCConfigurationList;
			buildConfigurations = (
				3F0B83792838EA2800BB4B79 /* Debug */,
				3F0B837A2838EA2800BB4B79 /* Release */,
			);
			defaultConfigurationIsVisible = 0;
			defaultConfigurationName = Release;
		};
		3F37FD6228368A3A0088FB3D /* Build configuration list for PBXProject "iOS-transition" */ = {
			isa = XCConfigurationList;
			buildConfigurations = (
				3F37FD7E28368A3B0088FB3D /* Debug */,
				3F37FD7F28368A3B0088FB3D /* Release */,
			);
			defaultConfigurationIsVisible = 0;
			defaultConfigurationName = Release;
		};
		3F37FD9E28368B5D0088FB3D /* Build configuration list for PBXNativeTarget "Album_StyleA" */ = {
			isa = XCConfigurationList;
			buildConfigurations = (
				3F37FD9F28368B5D0088FB3D /* Debug */,
				3F37FDA028368B5D0088FB3D /* Release */,
			);
			defaultConfigurationIsVisible = 0;
			defaultConfigurationName = Release;
		};
		3F3C0A8A2868570500AE0967 /* Build configuration list for PBXNativeTarget "Mask" */ = {
			isa = XCConfigurationList;
			buildConfigurations = (
				3F3C0A882868570500AE0967 /* Debug */,
				3F3C0A892868570500AE0967 /* Release */,
			);
			defaultConfigurationIsVisible = 0;
			defaultConfigurationName = Release;
		};
		685DB4142837845100A98960 /* Build configuration list for PBXNativeTarget "Album_StyleB" */ = {
			isa = XCConfigurationList;
			buildConfigurations = (
				685DB4122837845100A98960 /* Debug */,
				685DB4132837845100A98960 /* Release */,
			);
			defaultConfigurationIsVisible = 0;
			defaultConfigurationName = Release;
		};
/* End XCConfigurationList section */
	};
	rootObject = 3F37FD5F28368A3A0088FB3D /* Project object */;
}
